# THIS IS AN AUTOGENERATED FILE. DO NOT EDIT THIS FILE DIRECTLY.
# yarn lockfile v1


ask-sdk-core@^2.0.4:
  version "2.0.4"
  resolved "https://registry.yarnpkg.com/ask-sdk-core/-/ask-sdk-core-2.0.4.tgz#9f328a8b7335652fde9e2a99082de1a4d9810ab7"

ask-sdk-model@^1.2.0:
  version "1.2.0"
  resolved "https://registry.yarnpkg.com/ask-sdk-model/-/ask-sdk-model-1.2.0.tgz#9eb271d7e34925b19090c41b625390b0b2a78f24"

async-limiter@~1.0.0:
  version "1.0.0"
  resolved "https://registry.yarnpkg.com/async-limiter/-/async-limiter-1.0.0.tgz#78faed8c3d074ab81f22b4e985d79e8738f720f8"

discord.js@Favna/discord.js:
  version "12.0.0-dev"
  resolved "https://codeload.github.com/Favna/discord.js/tar.gz/87d61e7501b767cb6acc7ce8be57c962128d5974"
  dependencies:
    pako "^1.0.0"
    prism-media "^0.2.0"
    snekfetch "^3.6.0"
    tweetnacl "^1.0.0"
    ws "^4.0.0"

libsodium-wrappers@^0.7.3:
  version "0.7.3"
  resolved "https://registry.yarnpkg.com/libsodium-wrappers/-/libsodium-wrappers-0.7.3.tgz#b7e6326a5c42eb269540e360ce9c2600eb90c75c"
  dependencies:
    libsodium "0.7.3"

libsodium@0.7.3:
  version "0.7.3"
  resolved "https://registry.yarnpkg.com/libsodium/-/libsodium-0.7.3.tgz#35faf57293ba5485049d5072d0e96feda12f1f35"

pako@^1.0.0:
  version "1.0.6"
  resolved "https://registry.yarnpkg.com/pako/-/pako-1.0.6.tgz#0101211baa70c4bca4a0f63f2206e97b7dfaf258"

prism-media@^0.2.0:
  version "0.2.1"
  resolved "https://registry.yarnpkg.com/prism-media/-/prism-media-0.2.1.tgz#7968f2c7194588887c4c48081968d8c28e0d2469"

safe-buffer@~5.1.0:
  version "5.1.2"
  resolved "https://registry.yarnpkg.com/safe-buffer/-/safe-buffer-5.1.2.tgz#991ec69d296e0313747d59bdfd2b745c35f8828d"

snekfetch@^3.6.0:
  version "3.6.4"
  resolved "https://registry.yarnpkg.com/snekfetch/-/snekfetch-3.6.4.tgz#d13e80a616d892f3d38daae4289f4d258a645120"

snekfetch@^4.0.0:
  version "4.0.0"
  resolved "https://registry.yarnpkg.com/snekfetch/-/snekfetch-4.0.0.tgz#949b066de47a5bd70d39d7b0a3a7fcd9ee1156a1"

tweetnacl@^1.0.0:
  version "1.0.0"
  resolved "https://registry.yarnpkg.com/tweetnacl/-/tweetnacl-1.0.0.tgz#713d8b818da42068740bf68386d0479e66fc8a7b"

uws@^10.148.0:
  version "10.148.0"
  resolved "https://registry.yarnpkg.com/uws/-/uws-10.148.0.tgz#3fcd35f083ca515e091cd33b2d78f0f51a666215"

ws@^4.0.0:
  version "4.1.0"
  resolved "https://registry.yarnpkg.com/ws/-/ws-4.1.0.tgz#a979b5d7d4da68bf54efe0408967c324869a7289"
  dependencies:
    async-limiter "~1.0.0"
    safe-buffer "~5.1.0"
